// !$*UTF8*$!
{
	archiveVersion = 1;
	classes = {
	};
	objectVersion = 44;
	objects = {

/* Begin PBXBuildFile section */
		836583B4088D13980083EC20 /* System.framework in Frameworks */ = {isa = PBXBuildFile; fileRef = 836583A3088D034C0083EC20 /* System.framework */; };
		839542C00894F2490020C3E2 /* lvutil.h in Headers */ = {isa = PBXBuildFile; fileRef = 839542890894F2480020C3E2 /* lvutil.h */; };
		839542C10894F2490020C3E2 /* lvutil.c in Sources */ = {isa = PBXBuildFile; fileRef = 8395428A0894F2480020C3E2 /* lvutil.c */; };
		839542C30894F2490020C3E2 /* mztools.c in Sources */ = {isa = PBXBuildFile; fileRef = 8395428C0894F2480020C3E2 /* mztools.c */; };
		839542C60894F2490020C3E2 /* inffast.h in Headers */ = {isa = PBXBuildFile; fileRef = 8395428F0894F2480020C3E2 /* inffast.h */; };
		839542C70894F2490020C3E2 /* inffast.c in Sources */ = {isa = PBXBuildFile; fileRef = 839542900894F2480020C3E2 /* inffast.c */; };
		839542C80894F2490020C3E2 /* crc32.c in Sources */ = {isa = PBXBuildFile; fileRef = 839542910894F2480020C3E2 /* crc32.c */; };
		839542C90894F2490020C3E2 /* crc32.h in Headers */ = {isa = PBXBuildFile; fileRef = 839542920894F2480020C3E2 /* crc32.h */; };
		839542CA0894F2490020C3E2 /* deflate.c in Sources */ = {isa = PBXBuildFile; fileRef = 839542930894F2480020C3E2 /* deflate.c */; };
		839542CB0894F2490020C3E2 /* crypt.h in Headers */ = {isa = PBXBuildFile; fileRef = 839542940894F2480020C3E2 /* crypt.h */; };
		839542CC0894F2490020C3E2 /* inftrees.c in Sources */ = {isa = PBXBuildFile; fileRef = 839542950894F2480020C3E2 /* inftrees.c */; };
		839542CD0894F2490020C3E2 /* inflate.h in Headers */ = {isa = PBXBuildFile; fileRef = 839542960894F2480020C3E2 /* inflate.h */; };
		839542CE0894F2490020C3E2 /* deflate.h in Headers */ = {isa = PBXBuildFile; fileRef = 839542970894F2480020C3E2 /* deflate.h */; };
		839542CF0894F2490020C3E2 /* zutil.h in Headers */ = {isa = PBXBuildFile; fileRef = 839542980894F2480020C3E2 /* zutil.h */; };
		839542D00894F2490020C3E2 /* zutil.c in Sources */ = {isa = PBXBuildFile; fileRef = 839542990894F2480020C3E2 /* zutil.c */; };
		839542D60894F2490020C3E2 /* compress.c in Sources */ = {isa = PBXBuildFile; fileRef = 8395429F0894F2480020C3E2 /* compress.c */; };
		839542D90894F2490020C3E2 /* ioapi.h in Headers */ = {isa = PBXBuildFile; fileRef = 839542A20894F2480020C3E2 /* ioapi.h */; };
		839542DA0894F2490020C3E2 /* ioapi.c in Sources */ = {isa = PBXBuildFile; fileRef = 839542A30894F2480020C3E2 /* ioapi.c */; };
		839542DB0894F2490020C3E2 /* inftrees.h in Headers */ = {isa = PBXBuildFile; fileRef = 839542A40894F2480020C3E2 /* inftrees.h */; };
		839542DD0894F2490020C3E2 /* zlib.h in Headers */ = {isa = PBXBuildFile; fileRef = 839542A60894F2490020C3E2 /* zlib.h */; };
		839542DF0894F2490020C3E2 /* zip.h in Headers */ = {isa = PBXBuildFile; fileRef = 839542A80894F2490020C3E2 /* zip.h */; };
		839542E00894F2490020C3E2 /* zip.c in Sources */ = {isa = PBXBuildFile; fileRef = 839542A90894F2490020C3E2 /* zip.c */; };
		839542E20894F2490020C3E2 /* zconf.h in Headers */ = {isa = PBXBuildFile; fileRef = 839542AB0894F2490020C3E2 /* zconf.h */; };
		839542E30894F2490020C3E2 /* unzip.h in Headers */ = {isa = PBXBuildFile; fileRef = 839542AC0894F2490020C3E2 /* unzip.h */; };
		839542E40894F2490020C3E2 /* unzip.c in Sources */ = {isa = PBXBuildFile; fileRef = 839542AD0894F2490020C3E2 /* unzip.c */; };
		839542E50894F2490020C3E2 /* uncompr.c in Sources */ = {isa = PBXBuildFile; fileRef = 839542AE0894F2490020C3E2 /* uncompr.c */; };
		839542E60894F2490020C3E2 /* trees.h in Headers */ = {isa = PBXBuildFile; fileRef = 839542AF0894F2490020C3E2 /* trees.h */; };
		839542E70894F2490020C3E2 /* trees.c in Sources */ = {isa = PBXBuildFile; fileRef = 839542B00894F2490020C3E2 /* trees.c */; };
		839542E80894F2490020C3E2 /* mztools.h in Headers */ = {isa = PBXBuildFile; fileRef = 839542B10894F2490020C3E2 /* mztools.h */; };
		839542EB0894F2490020C3E2 /* inflate.c in Sources */ = {isa = PBXBuildFile; fileRef = 839542B40894F2490020C3E2 /* inflate.c */; };
		839542EC0894F2490020C3E2 /* inffixed.h in Headers */ = {isa = PBXBuildFile; fileRef = 839542B50894F2490020C3E2 /* inffixed.h */; };
		839542ED0894F2490020C3E2 /* infback.c in Sources */ = {isa = PBXBuildFile; fileRef = 839542B60894F2490020C3E2 /* infback.c */; };
		839542EF0894F2490020C3E2 /* gvmat32c.c in Sources */ = {isa = PBXBuildFile; fileRef = 839542B80894F2490020C3E2 /* gvmat32c.c */; };
		839542F10894F2490020C3E2 /* adler32.c in Sources */ = {isa = PBXBuildFile; fileRef = 839542BA0894F2490020C3E2 /* adler32.c */; };
		83D3E26D080D117700DE332C /* Carbon.framework in Frameworks */ = {isa = PBXBuildFile; fileRef = 83D3E26C080D117700DE332C /* Carbon.framework */; };
		8832627B1B163FAF003BB2F4 /* aes_via_ace.h in Headers */ = {isa = PBXBuildFile; fileRef = 883262661B163FAF003BB2F4 /* aes_via_ace.h */; };
		8832627C1B163FAF003BB2F4 /* aes.h in Headers */ = {isa = PBXBuildFile; fileRef = 883262671B163FAF003BB2F4 /* aes.h */; };
		8832627D1B163FAF003BB2F4 /* aescrypt.c in Sources */ = {isa = PBXBuildFile; fileRef = 883262681B163FAF003BB2F4 /* aescrypt.c */; };
		8832627E1B163FAF003BB2F4 /* aeskey.c in Sources */ = {isa = PBXBuildFile; fileRef = 883262691B163FAF003BB2F4 /* aeskey.c */; };
		8832627F1B163FAF003BB2F4 /* aesopt.h in Headers */ = {isa = PBXBuildFile; fileRef = 8832626A1B163FAF003BB2F4 /* aesopt.h */; };
		883262801B163FAF003BB2F4 /* aestab.c in Sources */ = {isa = PBXBuildFile; fileRef = 8832626B1B163FAF003BB2F4 /* aestab.c */; };
		883262811B163FAF003BB2F4 /* aestab.h in Headers */ = {isa = PBXBuildFile; fileRef = 8832626C1B163FAF003BB2F4 /* aestab.h */; };
		883262821B163FAF003BB2F4 /* brg_endian.h in Headers */ = {isa = PBXBuildFile; fileRef = 8832626D1B163FAF003BB2F4 /* brg_endian.h */; };
		883262831B163FAF003BB2F4 /* brg_types.h in Headers */ = {isa = PBXBuildFile; fileRef = 8832626E1B163FAF003BB2F4 /* brg_types.h */; };
		883262851B163FAF003BB2F4 /* entropy.h in Headers */ = {isa = PBXBuildFile; fileRef = 883262701B163FAF003BB2F4 /* entropy.h */; };
		883262871B163FAF003BB2F4 /* fileenc.h in Headers */ = {isa = PBXBuildFile; fileRef = 883262721B163FAF003BB2F4 /* fileenc.h */; };
		883262881B163FAF003BB2F4 /* hmac.c in Sources */ = {isa = PBXBuildFile; fileRef = 883262731B163FAF003BB2F4 /* hmac.c */; };
		883262891B163FAF003BB2F4 /* hmac.h in Headers */ = {isa = PBXBuildFile; fileRef = 883262741B163FAF003BB2F4 /* hmac.h */; };
		8832628A1B163FAF003BB2F4 /* prng.c in Sources */ = {isa = PBXBuildFile; fileRef = 883262751B163FAF003BB2F4 /* prng.c */; };
		8832628B1B163FAF003BB2F4 /* prng.h in Headers */ = {isa = PBXBuildFile; fileRef = 883262761B163FAF003BB2F4 /* prng.h */; };
		8832628C1B163FAF003BB2F4 /* pwd2key.c in Sources */ = {isa = PBXBuildFile; fileRef = 883262771B163FAF003BB2F4 /* pwd2key.c */; };
		8832628D1B163FAF003BB2F4 /* pwd2key.h in Headers */ = {isa = PBXBuildFile; fileRef = 883262781B163FAF003BB2F4 /* pwd2key.h */; };
		8832628E1B163FAF003BB2F4 /* sha1.c in Sources */ = {isa = PBXBuildFile; fileRef = 883262791B163FAF003BB2F4 /* sha1.c */; };
		8832628F1B163FAF003BB2F4 /* sha1.h in Headers */ = {isa = PBXBuildFile; fileRef = 8832627A1B163FAF003BB2F4 /* sha1.h */; };
		883262991B163FD6003BB2F4 /* blocksort.c in Sources */ = {isa = PBXBuildFile; fileRef = 883262901B163FD6003BB2F4 /* blocksort.c */; };
		8832629A1B163FD6003BB2F4 /* bzlib_private.h in Headers */ = {isa = PBXBuildFile; fileRef = 883262911B163FD6003BB2F4 /* bzlib_private.h */; };
		8832629B1B163FD6003BB2F4 /* bzlib.c in Sources */ = {isa = PBXBuildFile; fileRef = 883262921B163FD6003BB2F4 /* bzlib.c */; };
		8832629C1B163FD6003BB2F4 /* bzlib.h in Headers */ = {isa = PBXBuildFile; fileRef = 883262931B163FD6003BB2F4 /* bzlib.h */; };
		8832629E1B163FD6003BB2F4 /* crctable.c in Sources */ = {isa = PBXBuildFile; fileRef = 883262951B163FD6003BB2F4 /* crctable.c */; };
		8832629F1B163FD6003BB2F4 /* decompress.c in Sources */ = {isa = PBXBuildFile; fileRef = 883262961B163FD6003BB2F4 /* decompress.c */; };
		883262A01B163FD6003BB2F4 /* huffman.c in Sources */ = {isa = PBXBuildFile; fileRef = 883262971B163FD6003BB2F4 /* huffman.c */; };
		883262A11B163FD6003BB2F4 /* randtable.c in Sources */ = {isa = PBXBuildFile; fileRef = 883262981B163FD6003BB2F4 /* randtable.c */; };
		888E743A1ADD96A900C5AEFE /* utf.c in Sources */ = {isa = PBXBuildFile; fileRef = 888E74391ADD96A900C5AEFE /* utf.c */; };
		888E743C1ADD96C200C5AEFE /* utf.h in Headers */ = {isa = PBXBuildFile; fileRef = 888E743B1ADD96C200C5AEFE /* utf.h */; };
		888E743E1ADD96D700C5AEFE /* lvapi.c in Sources */ = {isa = PBXBuildFile; fileRef = 888E743D1ADD96D700C5AEFE /* lvapi.c */; };
		88FB252521C6954800DCE0D2 /* bzcompress.c in Sources */ = {isa = PBXBuildFile; fileRef = 88FB252421C6954800DCE0D2 /* bzcompress.c */; };
		88FB252721C6A1CA00DCE0D2 /* crypt.c in Sources */ = {isa = PBXBuildFile; fileRef = 88FB252621C6A1CA00DCE0D2 /* crypt.c */; };
		88FB252921C6A2A700DCE0D2 /* fileenc.c in Sources */ = {isa = PBXBuildFile; fileRef = 88FB252821C6A2A700DCE0D2 /* fileenc.c */; };
		C79368AC0C9ED687006083BF /* iomem.c in Sources */ = {isa = PBXBuildFile; fileRef = C79368AA0C9ED687006083BF /* iomem.c */; };
		C79368AD0C9ED687006083BF /* iomem.h in Headers */ = {isa = PBXBuildFile; fileRef = C79368AB0C9ED687006083BF /* iomem.h */; };
/* End PBXBuildFile section */

/* Begin PBXFileReference section */
		836583A3088D034C0083EC20 /* System.framework */ = {isa = PBXFileReference; lastKnownFileType = wrapper.framework; name = System.framework; path = /System/Library/Frameworks/System.framework; sourceTree = "<absolute>"; };
		839542890894F2480020C3E2 /* lvutil.h */ = {isa = PBXFileReference; fileEncoding = 30; lastKnownFileType = sourcecode.c.h; path = lvutil.h; sourceTree = "<group>"; };
		8395428A0894F2480020C3E2 /* lvutil.c */ = {isa = PBXFileReference; fileEncoding = 30; lastKnownFileType = sourcecode.c.c; path = lvutil.c; sourceTree = "<group>"; };
		8395428C0894F2480020C3E2 /* mztools.c */ = {isa = PBXFileReference; fileEncoding = 30; lastKnownFileType = sourcecode.c.c; path = mztools.c; sourceTree = "<group>"; };
		8395428F0894F2480020C3E2 /* inffast.h */ = {isa = PBXFileReference; fileEncoding = 30; lastKnownFileType = sourcecode.c.h; path = inffast.h; sourceTree = "<group>"; };
		839542900894F2480020C3E2 /* inffast.c */ = {isa = PBXFileReference; fileEncoding = 30; lastKnownFileType = sourcecode.c.c; path = inffast.c; sourceTree = "<group>"; };
		839542910894F2480020C3E2 /* crc32.c */ = {isa = PBXFileReference; fileEncoding = 30; lastKnownFileType = sourcecode.c.c; path = crc32.c; sourceTree = "<group>"; };
		839542920894F2480020C3E2 /* crc32.h */ = {isa = PBXFileReference; fileEncoding = 30; lastKnownFileType = sourcecode.c.h; path = crc32.h; sourceTree = "<group>"; };
		839542930894F2480020C3E2 /* deflate.c */ = {isa = PBXFileReference; fileEncoding = 30; lastKnownFileType = sourcecode.c.c; path = deflate.c; sourceTree = "<group>"; };
		839542940894F2480020C3E2 /* crypt.h */ = {isa = PBXFileReference; fileEncoding = 30; lastKnownFileType = sourcecode.c.h; path = crypt.h; sourceTree = "<group>"; };
		839542950894F2480020C3E2 /* inftrees.c */ = {isa = PBXFileReference; fileEncoding = 30; lastKnownFileType = sourcecode.c.c; path = inftrees.c; sourceTree = "<group>"; };
		839542960894F2480020C3E2 /* inflate.h */ = {isa = PBXFileReference; fileEncoding = 30; lastKnownFileType = sourcecode.c.h; path = inflate.h; sourceTree = "<group>"; };
		839542970894F2480020C3E2 /* deflate.h */ = {isa = PBXFileReference; fileEncoding = 30; lastKnownFileType = sourcecode.c.h; path = deflate.h; sourceTree = "<group>"; };
		839542980894F2480020C3E2 /* zutil.h */ = {isa = PBXFileReference; fileEncoding = 30; lastKnownFileType = sourcecode.c.h; path = zutil.h; sourceTree = "<group>"; };
		839542990894F2480020C3E2 /* zutil.c */ = {isa = PBXFileReference; fileEncoding = 30; lastKnownFileType = sourcecode.c.c; path = zutil.c; sourceTree = "<group>"; };
		8395429F0894F2480020C3E2 /* compress.c */ = {isa = PBXFileReference; fileEncoding = 30; lastKnownFileType = sourcecode.c.c; path = compress.c; sourceTree = "<group>"; };
		839542A20894F2480020C3E2 /* ioapi.h */ = {isa = PBXFileReference; fileEncoding = 30; lastKnownFileType = sourcecode.c.h; path = ioapi.h; sourceTree = "<group>"; };
		839542A30894F2480020C3E2 /* ioapi.c */ = {isa = PBXFileReference; fileEncoding = 30; lastKnownFileType = sourcecode.c.c; path = ioapi.c; sourceTree = "<group>"; };
		839542A40894F2480020C3E2 /* inftrees.h */ = {isa = PBXFileReference; fileEncoding = 30; lastKnownFileType = sourcecode.c.h; path = inftrees.h; sourceTree = "<group>"; };
		839542A60894F2490020C3E2 /* zlib.h */ = {isa = PBXFileReference; fileEncoding = 30; lastKnownFileType = sourcecode.c.h; path = zlib.h; sourceTree = "<group>"; };
		839542A80894F2490020C3E2 /* zip.h */ = {isa = PBXFileReference; fileEncoding = 30; lastKnownFileType = sourcecode.c.h; path = zip.h; sourceTree = "<group>"; };
		839542A90894F2490020C3E2 /* zip.c */ = {isa = PBXFileReference; fileEncoding = 30; lastKnownFileType = sourcecode.c.c; path = zip.c; sourceTree = "<group>"; };
		839542AB0894F2490020C3E2 /* zconf.h */ = {isa = PBXFileReference; fileEncoding = 30; lastKnownFileType = sourcecode.c.h; path = zconf.h; sourceTree = "<group>"; };
		839542AC0894F2490020C3E2 /* unzip.h */ = {isa = PBXFileReference; fileEncoding = 30; lastKnownFileType = sourcecode.c.h; path = unzip.h; sourceTree = "<group>"; };
		839542AD0894F2490020C3E2 /* unzip.c */ = {isa = PBXFileReference; fileEncoding = 30; lastKnownFileType = sourcecode.c.c; path = unzip.c; sourceTree = "<group>"; };
		839542AE0894F2490020C3E2 /* uncompr.c */ = {isa = PBXFileReference; fileEncoding = 30; lastKnownFileType = sourcecode.c.c; path = uncompr.c; sourceTree = "<group>"; };
		839542AF0894F2490020C3E2 /* trees.h */ = {isa = PBXFileReference; fileEncoding = 30; lastKnownFileType = sourcecode.c.h; path = trees.h; sourceTree = "<group>"; };
		839542B00894F2490020C3E2 /* trees.c */ = {isa = PBXFileReference; fileEncoding = 30; lastKnownFileType = sourcecode.c.c; path = trees.c; sourceTree = "<group>"; };
		839542B10894F2490020C3E2 /* mztools.h */ = {isa = PBXFileReference; fileEncoding = 30; lastKnownFileType = sourcecode.c.h; path = mztools.h; sourceTree = "<group>"; };
		839542B40894F2490020C3E2 /* inflate.c */ = {isa = PBXFileReference; fileEncoding = 30; lastKnownFileType = sourcecode.c.c; path = inflate.c; sourceTree = "<group>"; };
		839542B50894F2490020C3E2 /* inffixed.h */ = {isa = PBXFileReference; fileEncoding = 30; lastKnownFileType = sourcecode.c.h; path = inffixed.h; sourceTree = "<group>"; };
		839542B60894F2490020C3E2 /* infback.c */ = {isa = PBXFileReference; fileEncoding = 30; lastKnownFileType = sourcecode.c.c; path = infback.c; sourceTree = "<group>"; };
		839542B80894F2490020C3E2 /* gvmat32c.c */ = {isa = PBXFileReference; fileEncoding = 30; lastKnownFileType = sourcecode.c.c; path = gvmat32c.c; sourceTree = "<group>"; };
		839542BA0894F2490020C3E2 /* adler32.c */ = {isa = PBXFileReference; fileEncoding = 30; lastKnownFileType = sourcecode.c.c; path = adler32.c; sourceTree = "<group>"; };
		83D3E1AF080D116E00DE332C /* lvzlib.framework */ = {isa = PBXFileReference; explicitFileType = wrapper.framework; includeInIndex = 0; path = lvzlib.framework; sourceTree = BUILT_PRODUCTS_DIR; };
		83D3E26C080D117700DE332C /* Carbon.framework */ = {isa = PBXFileReference; lastKnownFileType = wrapper.framework; name = Carbon.framework; path = /System/Library/Frameworks/Carbon.framework; sourceTree = "<absolute>"; };
		883262661B163FAF003BB2F4 /* aes_via_ace.h */ = {isa = PBXFileReference; fileEncoding = 4; lastKnownFileType = sourcecode.c.h; name = aes_via_ace.h; path = aes/aes_via_ace.h; sourceTree = "<group>"; };
		883262671B163FAF003BB2F4 /* aes.h */ = {isa = PBXFileReference; fileEncoding = 4; lastKnownFileType = sourcecode.c.h; name = aes.h; path = aes/aes.h; sourceTree = "<group>"; };
		883262681B163FAF003BB2F4 /* aescrypt.c */ = {isa = PBXFileReference; fileEncoding = 4; lastKnownFileType = sourcecode.c.c; name = aescrypt.c; path = aes/aescrypt.c; sourceTree = "<group>"; };
		883262691B163FAF003BB2F4 /* aeskey.c */ = {isa = PBXFileReference; fileEncoding = 4; lastKnownFileType = sourcecode.c.c; name = aeskey.c; path = aes/aeskey.c; sourceTree = "<group>"; };
		8832626A1B163FAF003BB2F4 /* aesopt.h */ = {isa = PBXFileReference; fileEncoding = 4; lastKnownFileType = sourcecode.c.h; name = aesopt.h; path = aes/aesopt.h; sourceTree = "<group>"; };
		8832626B1B163FAF003BB2F4 /* aestab.c */ = {isa = PBXFileReference; fileEncoding = 4; lastKnownFileType = sourcecode.c.c; name = aestab.c; path = aes/aestab.c; sourceTree = "<group>"; };
		8832626C1B163FAF003BB2F4 /* aestab.h */ = {isa = PBXFileReference; fileEncoding = 4; lastKnownFileType = sourcecode.c.h; name = aestab.h; path = aes/aestab.h; sourceTree = "<group>"; };
		8832626D1B163FAF003BB2F4 /* brg_endian.h */ = {isa = PBXFileReference; fileEncoding = 4; lastKnownFileType = sourcecode.c.h; name = brg_endian.h; path = aes/brg_endian.h; sourceTree = "<group>"; };
		8832626E1B163FAF003BB2F4 /* brg_types.h */ = {isa = PBXFileReference; fileEncoding = 4; lastKnownFileType = sourcecode.c.h; name = brg_types.h; path = aes/brg_types.h; sourceTree = "<group>"; };
		883262701B163FAF003BB2F4 /* entropy.h */ = {isa = PBXFileReference; fileEncoding = 4; lastKnownFileType = sourcecode.c.h; name = entropy.h; path = aes/entropy.h; sourceTree = "<group>"; };
		883262721B163FAF003BB2F4 /* fileenc.h */ = {isa = PBXFileReference; fileEncoding = 4; lastKnownFileType = sourcecode.c.h; name = fileenc.h; path = aes/fileenc.h; sourceTree = "<group>"; };
		883262731B163FAF003BB2F4 /* hmac.c */ = {isa = PBXFileReference; fileEncoding = 4; lastKnownFileType = sourcecode.c.c; name = hmac.c; path = aes/hmac.c; sourceTree = "<group>"; };
		883262741B163FAF003BB2F4 /* hmac.h */ = {isa = PBXFileReference; fileEncoding = 4; lastKnownFileType = sourcecode.c.h; name = hmac.h; path = aes/hmac.h; sourceTree = "<group>"; };
		883262751B163FAF003BB2F4 /* prng.c */ = {isa = PBXFileReference; fileEncoding = 4; lastKnownFileType = sourcecode.c.c; name = prng.c; path = aes/prng.c; sourceTree = "<group>"; };
		883262761B163FAF003BB2F4 /* prng.h */ = {isa = PBXFileReference; fileEncoding = 4; lastKnownFileType = sourcecode.c.h; name = prng.h; path = aes/prng.h; sourceTree = "<group>"; };
		883262771B163FAF003BB2F4 /* pwd2key.c */ = {isa = PBXFileReference; fileEncoding = 4; lastKnownFileType = sourcecode.c.c; name = pwd2key.c; path = aes/pwd2key.c; sourceTree = "<group>"; };
		883262781B163FAF003BB2F4 /* pwd2key.h */ = {isa = PBXFileReference; fileEncoding = 4; lastKnownFileType = sourcecode.c.h; name = pwd2key.h; path = aes/pwd2key.h; sourceTree = "<group>"; };
		883262791B163FAF003BB2F4 /* sha1.c */ = {isa = PBXFileReference; fileEncoding = 4; lastKnownFileType = sourcecode.c.c; name = sha1.c; path = aes/sha1.c; sourceTree = "<group>"; };
		8832627A1B163FAF003BB2F4 /* sha1.h */ = {isa = PBXFileReference; fileEncoding = 4; lastKnownFileType = sourcecode.c.h; name = sha1.h; path = aes/sha1.h; sourceTree = "<group>"; };
		883262901B163FD6003BB2F4 /* blocksort.c */ = {isa = PBXFileReference; fileEncoding = 4; lastKnownFileType = sourcecode.c.c; name = blocksort.c; path = bzip2/blocksort.c; sourceTree = "<group>"; };
		883262911B163FD6003BB2F4 /* bzlib_private.h */ = {isa = PBXFileReference; fileEncoding = 4; lastKnownFileType = sourcecode.c.h; name = bzlib_private.h; path = bzip2/bzlib_private.h; sourceTree = "<group>"; };
		883262921B163FD6003BB2F4 /* bzlib.c */ = {isa = PBXFileReference; fileEncoding = 4; lastKnownFileType = sourcecode.c.c; name = bzlib.c; path = bzip2/bzlib.c; sourceTree = "<group>"; };
		883262931B163FD6003BB2F4 /* bzlib.h */ = {isa = PBXFileReference; fileEncoding = 4; lastKnownFileType = sourcecode.c.h; name = bzlib.h; path = bzip2/bzlib.h; sourceTree = "<group>"; };
		883262951B163FD6003BB2F4 /* crctable.c */ = {isa = PBXFileReference; fileEncoding = 4; lastKnownFileType = sourcecode.c.c; name = crctable.c; path = bzip2/crctable.c; sourceTree = "<group>"; };
		883262961B163FD6003BB2F4 /* decompress.c */ = {isa = PBXFileReference; fileEncoding = 4; lastKnownFileType = sourcecode.c.c; name = decompress.c; path = bzip2/decompress.c; sourceTree = "<group>"; };
		883262971B163FD6003BB2F4 /* huffman.c */ = {isa = PBXFileReference; fileEncoding = 4; lastKnownFileType = sourcecode.c.c; name = huffman.c; path = bzip2/huffman.c; sourceTree = "<group>"; };
		883262981B163FD6003BB2F4 /* randtable.c */ = {isa = PBXFileReference; fileEncoding = 4; lastKnownFileType = sourcecode.c.c; name = randtable.c; path = bzip2/randtable.c; sourceTree = "<group>"; };
		88521A381AF4145000A9CDF7 /* lvapi.h */ = {isa = PBXFileReference; lastKnownFileType = sourcecode.c.h; path = lvapi.h; sourceTree = "<group>"; };
		888E74391ADD96A900C5AEFE /* utf.c */ = {isa = PBXFileReference; fileEncoding = 4; lastKnownFileType = sourcecode.c.c; path = utf.c; sourceTree = "<group>"; };
		888E743B1ADD96C200C5AEFE /* utf.h */ = {isa = PBXFileReference; fileEncoding = 4; lastKnownFileType = sourcecode.c.h; path = utf.h; sourceTree = "<group>"; };
		888E743D1ADD96D700C5AEFE /* lvapi.c */ = {isa = PBXFileReference; fileEncoding = 4; lastKnownFileType = sourcecode.c.c; path = lvapi.c; sourceTree = "<group>"; };
		88FB252421C6954800DCE0D2 /* bzcompress.c */ = {isa = PBXFileReference; fileEncoding = 4; lastKnownFileType = sourcecode.c.c; name = bzcompress.c; path = bzip2/bzcompress.c; sourceTree = "<group>"; };
		88FB252621C6A1CA00DCE0D2 /* crypt.c */ = {isa = PBXFileReference; fileEncoding = 4; lastKnownFileType = sourcecode.c.c; path = crypt.c; sourceTree = "<group>"; };
		88FB252821C6A2A700DCE0D2 /* fileenc.c */ = {isa = PBXFileReference; fileEncoding = 4; lastKnownFileType = sourcecode.c.c; name = fileenc.c; path = aes/fileenc.c; sourceTree = "<group>"; };
		C79368AA0C9ED687006083BF /* iomem.c */ = {isa = PBXFileReference; fileEncoding = 30; lastKnownFileType = sourcecode.c.c; path = iomem.c; sourceTree = "<group>"; };
		C79368AB0C9ED687006083BF /* iomem.h */ = {isa = PBXFileReference; fileEncoding = 30; lastKnownFileType = sourcecode.c.h; path = iomem.h; sourceTree = "<group>"; };
/* End PBXFileReference section */

/* Begin PBXFrameworksBuildPhase section */
		83D3E1AC080D116E00DE332C /* Frameworks */ = {
			isa = PBXFrameworksBuildPhase;
			buildActionMask = 2147483647;
			files = (
				83D3E26D080D117700DE332C /* Carbon.framework in Frameworks */,
				836583B4088D13980083EC20 /* System.framework in Frameworks */,
			);
			runOnlyForDeploymentPostprocessing = 0;
		};
/* End PBXFrameworksBuildPhase section */

/* Begin PBXGroup section */
		83D3E18C080D116E00DE332C = {
			isa = PBXGroup;
			children = (
				883262651B163F70003BB2F4 /* bzip2 */,
				883262641B163F5C003BB2F4 /* aes */,
				83D3E1B5080D116E00DE332C /* zlib Sources */,
				83D3E26B080D117700DE332C /* Frameworks */,
				83D3E19A080D116E00DE332C /* Products */,
			);
			sourceTree = "<group>";
		};
		83D3E19A080D116E00DE332C /* Products */ = {
			isa = PBXGroup;
			children = (
				83D3E1AF080D116E00DE332C /* lvzlib.framework */,
			);
			name = Products;
			sourceTree = "<group>";
		};
		83D3E1B5080D116E00DE332C /* zlib Sources */ = {
			isa = PBXGroup;
			children = (
				88FB252621C6A1CA00DCE0D2 /* crypt.c */,
				C79368AB0C9ED687006083BF /* iomem.h */,
				C79368AA0C9ED687006083BF /* iomem.c */,
				88521A381AF4145000A9CDF7 /* lvapi.h */,
				888E743D1ADD96D700C5AEFE /* lvapi.c */,
				888E743B1ADD96C200C5AEFE /* utf.h */,
				888E74391ADD96A900C5AEFE /* utf.c */,
				839542890894F2480020C3E2 /* lvutil.h */,
				8395428A0894F2480020C3E2 /* lvutil.c */,
				8395428C0894F2480020C3E2 /* mztools.c */,
				8395428F0894F2480020C3E2 /* inffast.h */,
				839542900894F2480020C3E2 /* inffast.c */,
				839542910894F2480020C3E2 /* crc32.c */,
				839542920894F2480020C3E2 /* crc32.h */,
				839542930894F2480020C3E2 /* deflate.c */,
				839542940894F2480020C3E2 /* crypt.h */,
				839542950894F2480020C3E2 /* inftrees.c */,
				839542960894F2480020C3E2 /* inflate.h */,
				839542970894F2480020C3E2 /* deflate.h */,
				839542980894F2480020C3E2 /* zutil.h */,
				839542990894F2480020C3E2 /* zutil.c */,
				8395429F0894F2480020C3E2 /* compress.c */,
				839542A20894F2480020C3E2 /* ioapi.h */,
				839542A30894F2480020C3E2 /* ioapi.c */,
				839542A40894F2480020C3E2 /* inftrees.h */,
				839542A60894F2490020C3E2 /* zlib.h */,
				839542A80894F2490020C3E2 /* zip.h */,
				839542A90894F2490020C3E2 /* zip.c */,
				839542AB0894F2490020C3E2 /* zconf.h */,
				839542AC0894F2490020C3E2 /* unzip.h */,
				839542AD0894F2490020C3E2 /* unzip.c */,
				839542AE0894F2490020C3E2 /* uncompr.c */,
				839542AF0894F2490020C3E2 /* trees.h */,
				839542B00894F2490020C3E2 /* trees.c */,
				839542B10894F2490020C3E2 /* mztools.h */,
				839542B40894F2490020C3E2 /* inflate.c */,
				839542B50894F2490020C3E2 /* inffixed.h */,
				839542B60894F2490020C3E2 /* infback.c */,
				839542B80894F2490020C3E2 /* gvmat32c.c */,
				839542BA0894F2490020C3E2 /* adler32.c */,
			);
			name = "zlib Sources";
			sourceTree = "<group>";
		};
		83D3E26B080D117700DE332C /* Frameworks */ = {
			isa = PBXGroup;
			children = (
				836583A3088D034C0083EC20 /* System.framework */,
				83D3E26C080D117700DE332C /* Carbon.framework */,
			);
			name = Frameworks;
			sourceTree = "<group>";
		};
		883262641B163F5C003BB2F4 /* aes */ = {
			isa = PBXGroup;
			children = (
				88FB252821C6A2A700DCE0D2 /* fileenc.c */,
				883262661B163FAF003BB2F4 /* aes_via_ace.h */,
				883262671B163FAF003BB2F4 /* aes.h */,
				883262681B163FAF003BB2F4 /* aescrypt.c */,
				883262691B163FAF003BB2F4 /* aeskey.c */,
				8832626A1B163FAF003BB2F4 /* aesopt.h */,
				8832626B1B163FAF003BB2F4 /* aestab.c */,
				8832626C1B163FAF003BB2F4 /* aestab.h */,
				8832626D1B163FAF003BB2F4 /* brg_endian.h */,
				8832626E1B163FAF003BB2F4 /* brg_types.h */,
				883262701B163FAF003BB2F4 /* entropy.h */,
				883262721B163FAF003BB2F4 /* fileenc.h */,
				883262731B163FAF003BB2F4 /* hmac.c */,
				883262741B163FAF003BB2F4 /* hmac.h */,
				883262751B163FAF003BB2F4 /* prng.c */,
				883262761B163FAF003BB2F4 /* prng.h */,
				883262771B163FAF003BB2F4 /* pwd2key.c */,
				883262781B163FAF003BB2F4 /* pwd2key.h */,
				883262791B163FAF003BB2F4 /* sha1.c */,
				8832627A1B163FAF003BB2F4 /* sha1.h */,
			);
			name = aes;
			sourceTree = "<group>";
		};
		883262651B163F70003BB2F4 /* bzip2 */ = {
			isa = PBXGroup;
			children = (
				883262901B163FD6003BB2F4 /* blocksort.c */,
				88FB252421C6954800DCE0D2 /* bzcompress.c */,
				883262911B163FD6003BB2F4 /* bzlib_private.h */,
				883262921B163FD6003BB2F4 /* bzlib.c */,
				883262931B163FD6003BB2F4 /* bzlib.h */,
				883262951B163FD6003BB2F4 /* crctable.c */,
				883262961B163FD6003BB2F4 /* decompress.c */,
				883262971B163FD6003BB2F4 /* huffman.c */,
				883262981B163FD6003BB2F4 /* randtable.c */,
			);
			name = bzip2;
			sourceTree = "<group>";
		};
/* End PBXGroup section */

/* Begin PBXHeadersBuildPhase section */
		83D3E1A9080D116E00DE332C /* Headers */ = {
			isa = PBXHeadersBuildPhase;
			buildActionMask = 2147483647;
			files = (
				839542C00894F2490020C3E2 /* lvutil.h in Headers */,
				8832627B1B163FAF003BB2F4 /* aes_via_ace.h in Headers */,
				839542C60894F2490020C3E2 /* inffast.h in Headers */,
				839542C90894F2490020C3E2 /* crc32.h in Headers */,
				839542CB0894F2490020C3E2 /* crypt.h in Headers */,
				8832627F1B163FAF003BB2F4 /* aesopt.h in Headers */,
				839542CD0894F2490020C3E2 /* inflate.h in Headers */,
				839542CE0894F2490020C3E2 /* deflate.h in Headers */,
				883262831B163FAF003BB2F4 /* brg_types.h in Headers */,
				888E743C1ADD96C200C5AEFE /* utf.h in Headers */,
				8832627C1B163FAF003BB2F4 /* aes.h in Headers */,
				839542CF0894F2490020C3E2 /* zutil.h in Headers */,
				839542D90894F2490020C3E2 /* ioapi.h in Headers */,
				839542DB0894F2490020C3E2 /* inftrees.h in Headers */,
				839542DD0894F2490020C3E2 /* zlib.h in Headers */,
				8832628B1B163FAF003BB2F4 /* prng.h in Headers */,
				8832629C1B163FD6003BB2F4 /* bzlib.h in Headers */,
				839542DF0894F2490020C3E2 /* zip.h in Headers */,
				883262821B163FAF003BB2F4 /* brg_endian.h in Headers */,
				8832628D1B163FAF003BB2F4 /* pwd2key.h in Headers */,
				839542E20894F2490020C3E2 /* zconf.h in Headers */,
				883262851B163FAF003BB2F4 /* entropy.h in Headers */,
				839542E30894F2490020C3E2 /* unzip.h in Headers */,
				839542E60894F2490020C3E2 /* trees.h in Headers */,
				839542E80894F2490020C3E2 /* mztools.h in Headers */,
				839542EC0894F2490020C3E2 /* inffixed.h in Headers */,
				8832628F1B163FAF003BB2F4 /* sha1.h in Headers */,
				883262871B163FAF003BB2F4 /* fileenc.h in Headers */,
				883262811B163FAF003BB2F4 /* aestab.h in Headers */,
				883262891B163FAF003BB2F4 /* hmac.h in Headers */,
				8832629A1B163FD6003BB2F4 /* bzlib_private.h in Headers */,
				C79368AD0C9ED687006083BF /* iomem.h in Headers */,
			);
			runOnlyForDeploymentPostprocessing = 0;
		};
/* End PBXHeadersBuildPhase section */

/* Begin PBXNativeTarget section */
		83D3E1AE080D116E00DE332C /* LVZIP Framework */ = {
			isa = PBXNativeTarget;
			buildConfigurationList = C77CC6B40C9C7C6500886AB2 /* Build configuration list for PBXNativeTarget "LVZIP Framework" */;
			buildPhases = (
				83D3E1A9080D116E00DE332C /* Headers */,
				83D3E1AA080D116E00DE332C /* Sources */,
				83D3E1AC080D116E00DE332C /* Frameworks */,
				83D3E1AD080D116E00DE332C /* Rez */,
			);
			buildRules = (
			);
			dependencies = (
			);
			name = "LVZIP Framework";
			productName = "OSX DLL";
			productReference = 83D3E1AF080D116E00DE332C /* lvzlib.framework */;
			productType = "com.apple.product-type.framework";
		};
/* End PBXNativeTarget section */

/* Begin PBXProject section */
		83D3E190080D116E00DE332C /* Project object */ = {
			isa = PBXProject;
			attributes = {
			};
			buildConfigurationList = C77CC6B80C9C7C6500886AB2 /* Build configuration list for PBXProject "lvzip" */;
			compatibilityVersion = "Xcode 2.4";
			developmentRegion = English;
			hasScannedForEncodings = 1;
			knownRegions = (
				en,
			);
			mainGroup = 83D3E18C080D116E00DE332C;
			productRefGroup = 83D3E19A080D116E00DE332C /* Products */;
			projectDirPath = "";
			projectRoot = "";
			targets = (
				83D3E1AE080D116E00DE332C /* LVZIP Framework */,
			);
		};
/* End PBXProject section */

/* Begin PBXRezBuildPhase section */
		83D3E1AD080D116E00DE332C /* Rez */ = {
			isa = PBXRezBuildPhase;
			buildActionMask = 2147483647;
			files = (
			);
			runOnlyForDeploymentPostprocessing = 0;
		};
/* End PBXRezBuildPhase section */

/* Begin PBXSourcesBuildPhase section */
		83D3E1AA080D116E00DE332C /* Sources */ = {
			isa = PBXSourcesBuildPhase;
			buildActionMask = 2147483647;
			files = (
				8832628A1B163FAF003BB2F4 /* prng.c in Sources */,
				883262881B163FAF003BB2F4 /* hmac.c in Sources */,
				839542C10894F2490020C3E2 /* lvutil.c in Sources */,
				839542C30894F2490020C3E2 /* mztools.c in Sources */,
				88FB252721C6A1CA00DCE0D2 /* crypt.c in Sources */,
				8832629F1B163FD6003BB2F4 /* decompress.c in Sources */,
				88FB252521C6954800DCE0D2 /* bzcompress.c in Sources */,
				839542C70894F2490020C3E2 /* inffast.c in Sources */,
				839542C80894F2490020C3E2 /* crc32.c in Sources */,
				839542CA0894F2490020C3E2 /* deflate.c in Sources */,
				839542CC0894F2490020C3E2 /* inftrees.c in Sources */,
				8832628E1B163FAF003BB2F4 /* sha1.c in Sources */,
				88FB252921C6A2A700DCE0D2 /* fileenc.c in Sources */,
				839542D00894F2490020C3E2 /* zutil.c in Sources */,
				839542D60894F2490020C3E2 /* compress.c in Sources */,
				888E743E1ADD96D700C5AEFE /* lvapi.c in Sources */,
				883262A01B163FD6003BB2F4 /* huffman.c in Sources */,
				8832628C1B163FAF003BB2F4 /* pwd2key.c in Sources */,
				839542DA0894F2490020C3E2 /* ioapi.c in Sources */,
				839542E00894F2490020C3E2 /* zip.c in Sources */,
				839542E40894F2490020C3E2 /* unzip.c in Sources */,
				839542E50894F2490020C3E2 /* uncompr.c in Sources */,
				8832627E1B163FAF003BB2F4 /* aeskey.c in Sources */,
				888E743A1ADD96A900C5AEFE /* utf.c in Sources */,
				839542E70894F2490020C3E2 /* trees.c in Sources */,
				839542EB0894F2490020C3E2 /* inflate.c in Sources */,
				839542ED0894F2490020C3E2 /* infback.c in Sources */,
				839542EF0894F2490020C3E2 /* gvmat32c.c in Sources */,
				839542F10894F2490020C3E2 /* adler32.c in Sources */,
				8832629B1B163FD6003BB2F4 /* bzlib.c in Sources */,
				8832627D1B163FAF003BB2F4 /* aescrypt.c in Sources */,
				883262991B163FD6003BB2F4 /* blocksort.c in Sources */,
				8832629E1B163FD6003BB2F4 /* crctable.c in Sources */,
				883262A11B163FD6003BB2F4 /* randtable.c in Sources */,
				883262801B163FAF003BB2F4 /* aestab.c in Sources */,
				C79368AC0C9ED687006083BF /* iomem.c in Sources */,
			);
			runOnlyForDeploymentPostprocessing = 0;
		};
/* End PBXSourcesBuildPhase section */

/* Begin XCBuildConfiguration section */
		C77CC6B50C9C7C6500886AB2 /* Development */ = {
			isa = XCBuildConfiguration;
			buildSettings = {
				ARCHS = "$(ARCHS_STANDARD_32_64_BIT)";
				COPY_PHASE_STRIP = NO;
				GCC_ALTIVEC_EXTENSIONS = NO;
				GCC_CHAR_IS_UNSIGNED_CHAR = NO;
				GCC_DYNAMIC_NO_PIC = NO;
				GCC_ENABLE_CPP_EXCEPTIONS = NO;
				GCC_ENABLE_CPP_RTTI = NO;
				GCC_ENABLE_FIX_AND_CONTINUE = YES;
				GCC_GENERATE_DEBUGGING_SYMBOLS = YES;
				GCC_OPTIMIZATION_LEVEL = 0;
				GCC_PREPROCESSOR_DEFINITIONS = (
					HAVE_AES,
					HAVE_BZIP2,
					NO_BZ_STDIO,
					DEBUG,
				);
				GCC_REUSE_STRINGS = NO;
				GCC_WARN_ABOUT_MISSING_PROTOTYPES = YES;
				GCC_WARN_HIDDEN_VIRTUAL_FUNCTIONS = NO;
				GCC_WARN_UNINITIALIZED_AUTOS = NO;
				GCC_WARN_UNKNOWN_PRAGMAS = NO;
				GCC_WARN_UNUSED_PARAMETER = YES;
				GCC_WARN_UNUSED_VARIABLE = YES;
				HEADER_SEARCH_PATHS = "";
				LIBRARY_SEARCH_PATHS = "$(SYSTEM_APPS_DIR)/National\\ Instruments/LabVIEW\\ 2014/cintools/Mach-O";
				LIBRARY_STYLE = DYNAMIC;
				MACH_O_TYPE = mh_dylib;
				MACOSX_DEPLOYMENT_TARGET = 10.8;
				OTHER_CFLAGS = "-fno-inline";
				OTHER_LDFLAGS = (
					"-multiply_defined",
					warning,
					"-llvexports",
				);
				OTHER_REZFLAGS = "";
				PRODUCT_NAME = lvzlib;
				REZ_SCRIPT_TYPE = Roman;
				REZ_SUPPRESS_REDECLARED_RESOURCE_TYPE_WARNINGS = NO;
				SDKROOT = macosx10.8;
				SECTORDER_FLAGS = "";
				WARNING_CFLAGS = (
					"-Wmost",
					"-Wno-four-char-constants",
					"-Wno-unknown-pragmas",
				);
				ZERO_LINK = YES;
			};
			name = Development;
		};
		C77CC6B60C9C7C6500886AB2 /* Deployment */ = {
			isa = XCBuildConfiguration;
			buildSettings = {
				ARCHS = "$(ARCHS_STANDARD_32_64_BIT)";
				COPY_PHASE_STRIP = YES;
				GCC_ALTIVEC_EXTENSIONS = NO;
				GCC_CHAR_IS_UNSIGNED_CHAR = NO;
				GCC_ENABLE_CPP_EXCEPTIONS = NO;
				GCC_ENABLE_CPP_RTTI = NO;
				GCC_ENABLE_FIX_AND_CONTINUE = NO;
				GCC_OPTIMIZATION_LEVEL = 3;
				GCC_PREPROCESSOR_DEFINITIONS = (
					HAVE_AES,
					HAVE_BZIP2,
					NO_BZ_STDIO,
				);
				GCC_REUSE_STRINGS = NO;
				GCC_WARN_ABOUT_MISSING_PROTOTYPES = YES;
				GCC_WARN_HIDDEN_VIRTUAL_FUNCTIONS = NO;
				GCC_WARN_UNINITIALIZED_AUTOS = NO;
				GCC_WARN_UNKNOWN_PRAGMAS = NO;
				GCC_WARN_UNUSED_PARAMETER = YES;
				GCC_WARN_UNUSED_VARIABLE = YES;
				HEADER_SEARCH_PATHS = "";
				LIBRARY_SEARCH_PATHS = "$(SYSTEM_APPS_DIR)/National\\ Instruments/LabVIEW\\ 2014/cintools/Mach-O";
				LIBRARY_STYLE = DYNAMIC;
				MACH_O_TYPE = mh_dylib;
				MACOSX_DEPLOYMENT_TARGET = 10.8;
				OTHER_CFLAGS = "-fno-inline";
				OTHER_LDFLAGS = (
					"-multiply_defined",
					warning,
					"-llvexports",
				);
				OTHER_REZFLAGS = "";
				PRODUCT_NAME = lvzlib;
				REZ_SCRIPT_TYPE = Roman;
				REZ_SUPPRESS_REDECLARED_RESOURCE_TYPE_WARNINGS = NO;
				SDKROOT = macosx10.8;
				SECTORDER_FLAGS = "";
				WARNING_CFLAGS = (
					"-Wmost",
					"-Wno-four-char-constants",
					"-Wno-unknown-pragmas",
				);
				ZERO_LINK = NO;
			};
			name = Deployment;
		};
		C77CC6B70C9C7C6500886AB2 /* Default */ = {
			isa = XCBuildConfiguration;
			buildSettings = {
				ARCHS = "$(ARCHS_STANDARD_32_64_BIT)";
				GCC_ALTIVEC_EXTENSIONS = NO;
				GCC_CHAR_IS_UNSIGNED_CHAR = NO;
				GCC_ENABLE_CPP_EXCEPTIONS = NO;
				GCC_ENABLE_CPP_RTTI = NO;
				GCC_OPTIMIZATION_LEVEL = 0;
				GCC_PREPROCESSOR_DEFINITIONS = (
					HAVE_AES,
					HAVE_BZIP2,
					NO_BZ_STDIO,
				);
				GCC_REUSE_STRINGS = NO;
				GCC_WARN_ABOUT_MISSING_PROTOTYPES = YES;
				GCC_WARN_HIDDEN_VIRTUAL_FUNCTIONS = NO;
				GCC_WARN_UNINITIALIZED_AUTOS = NO;
				GCC_WARN_UNKNOWN_PRAGMAS = NO;
				GCC_WARN_UNUSED_PARAMETER = YES;
				GCC_WARN_UNUSED_VARIABLE = YES;
				HEADER_SEARCH_PATHS = "";
				LIBRARY_SEARCH_PATHS = "$(SYSTEM_APPS_DIR)/National\\ Instruments/LabVIEW\\ 2014/cintools/Mach-O";
				LIBRARY_STYLE = DYNAMIC;
				MACH_O_TYPE = mh_dylib;
				MACOSX_DEPLOYMENT_TARGET = 10.8;
				OTHER_CFLAGS = "-fno-inline";
				OTHER_LDFLAGS = (
					"-multiply_defined",
					warning,
					"-llvexports",
				);
				OTHER_REZFLAGS = "";
				PRODUCT_NAME = lvzlib;
				REZ_SCRIPT_TYPE = Roman;
				REZ_SUPPRESS_REDECLARED_RESOURCE_TYPE_WARNINGS = NO;
				SDKROOT = macosx10.8;
				SECTORDER_FLAGS = "";
				WARNING_CFLAGS = (
					"-Wmost",
					"-Wno-four-char-constants",
					"-Wno-unknown-pragmas",
				);
			};
			name = Default;
		};
		C77CC6B90C9C7C6500886AB2 /* Development */ = {
			isa = XCBuildConfiguration;
			buildSettings = {
				"ADDITIONAL_SDKS[arch=i386]" = "";
				ARCHS = "$(ARCHS_STANDARD_32_64_BIT)";
				GCC_CHAR_IS_UNSIGNED_CHAR = YES;
				GCC_SYMBOLS_PRIVATE_EXTERN = YES;
				HEADER_SEARCH_PATHS = (
					"$(inherited)",
					/Applications/Xcode.app/Contents/Developer/Toolchains/XcodeDefault.xctoolchain/usr/include,
					"/Applications/National\\ Instruments/LabVIEW\\ 2014/cintools",
				);
				LD_DYLIB_INSTALL_NAME = lvzlib.framework;
				LIBRARY_SEARCH_PATHS = "/Application/National\\ Instruments/LabVIEW\\ 2014/cintools";
				MACH_O_TYPE = mh_dylib;
				MACOSX_DEPLOYMENT_TARGET = 10.7;
				ONLY_ACTIVE_ARCH = NO;
				OTHER_CFLAGS = "";
				SDKROOT = macosx10.8;
			};
			name = Development;
		};
		C77CC6BA0C9C7C6500886AB2 /* Deployment */ = {
			isa = XCBuildConfiguration;
			buildSettings = {
				ARCHS = "$(ARCHS_STANDARD_32_64_BIT)";
				GCC_CHAR_IS_UNSIGNED_CHAR = YES;
				GCC_SYMBOLS_PRIVATE_EXTERN = YES;
				HEADER_SEARCH_PATHS = (
					"$(inherited)",
					/Applications/Xcode.app/Contents/Developer/Toolchains/XcodeDefault.xctoolchain/usr/include,
					"/Applications/National\\ Instruments/LabVIEW\\ 2014/cintools",
				);
				LD_DYLIB_INSTALL_NAME = lvzlib.framework;
				LIBRARY_SEARCH_PATHS = "/Application/National\\ Instruments/LabVIEW\\ 2014/cintools";
				MACH_O_TYPE = mh_dylib;
				MACOSX_DEPLOYMENT_TARGET = 10.7;
				ONLY_ACTIVE_ARCH = NO;
				OTHER_CFLAGS = "";
				SDKROOT = macosx10.8;
			};
			name = Deployment;
		};
		C77CC6BB0C9C7C6500886AB2 /* Default */ = {
			isa = XCBuildConfiguration;
			buildSettings = {
				"ADDITIONAL_SDKS[arch=*]" = "";
				ARCHS = "$(ARCHS_STANDARD_32_64_BIT)";
				GCC_CHAR_IS_UNSIGNED_CHAR = YES;
				GCC_SYMBOLS_PRIVATE_EXTERN = YES;
				HEADER_SEARCH_PATHS = (
					"$(inherited)",
					/Applications/Xcode.app/Contents/Developer/Toolchains/XcodeDefault.xctoolchain/usr/include,
					"/Applications/National\\ Instruments/LabVIEW\\ 2014/cintools",
				);
				LD_DYLIB_INSTALL_NAME = lvzlib.framework;
				LIBRARY_SEARCH_PATHS = "/Application/National\\ Instruments/LabVIEW\\ 2014/cintools";
				MACH_O_TYPE = mh_dylib;
				MACOSX_DEPLOYMENT_TARGET = 10.7;
				ONLY_ACTIVE_ARCH = NO;
				OTHER_CFLAGS = "";
				SDKROOT = macosx10.8;
			};
			name = Default;
		};
/* End XCBuildConfiguration section */

/* Begin XCConfigurationList section */
		C77CC6B40C9C7C6500886AB2 /* Build configuration list for PBXNativeTarget "LVZIP Framework" */ = {
			isa = XCConfigurationList;
			buildConfigurations = (
				C77CC6B50C9C7C6500886AB2 /* Development */,
				C77CC6B60C9C7C6500886AB2 /* Deployment */,
				C77CC6B70C9C7C6500886AB2 /* Default */,
			);
			defaultConfigurationIsVisible = 0;
			defaultConfigurationName = Default;
		};
		C77CC6B80C9C7C6500886AB2 /* Build configuration list for PBXProject "lvzip" */ = {
			isa = XCConfigurationList;
			buildConfigurations = (
				C77CC6B90C9C7C6500886AB2 /* Development */,
				C77CC6BA0C9C7C6500886AB2 /* Deployment */,
				C77CC6BB0C9C7C6500886AB2 /* Default */,
			);
			defaultConfigurationIsVisible = 0;
			defaultConfigurationName = Default;
		};
/* End XCConfigurationList section */
	};
	rootObject = 83D3E190080D116E00DE332C /* Project object */;
}
